
Microsoft Visual Studio Solution File, Format Version 12.00
# Visual Studio Version 17
VisualStudioVersion = 17.7.34009.444
MinimumVisualStudioVersion = 10.0.40219.1
Project("{FAE04EC0-301F-11D3-BF4B-00C04F79EFBC}") = "Indexers", "Indexers.csproj", "{7EBB96BA-F363-493C-BA55-433B4516C79E}"
EndProject
Global
	GlobalSection(SolutionConfigurationPlatforms) = preSolution
		Debug|Any CPU = Debug|Any CPU
		Release|Any CPU = Release|Any CPU
	EndGlobalSection
	GlobalSection(ProjectConfigurationPlatforms) = postSolution
		{7EBB96BA-F363-493C-BA55-433B4516C79E}.Debug|Any CPU.ActiveCfg = Debug|Any CPU
		{7EBB96BA-F363-493C-BA55-433B4516C79E}.Debug|Any CPU.Build.0 = Debug|Any CPU
		{7EBB96BA-F363-493C-BA55-433B4516C79E}.Release|Any CPU.ActiveCfg = Release|Any CPU
		{7EBB96BA-F363-493C-BA55-433B4516C79E}.Release|Any CPU.Build.0 = Release|Any CPU
	EndGlobalSection
	GlobalSection(SolutionProperties) = preSolution
		HideSolutionNode = FALSE
	EndGlobalSection
	GlobalSection(ExtensibilityGlobals) = postSolution
		SolutionGuid = {C6BE5498-AF16-42FD-A40B-2A3A45F40015}
	EndGlobalSection
EndGlobal
