
Microsoft Visual Studio Solution File, Format Version 12.00
# Visual Studio Version 17
VisualStudioVersion = 17.7.34009.444
MinimumVisualStudioVersion = 10.0.40219.1
Project("{FAE04EC0-301F-11D3-BF4B-00C04F79EFBC}") = "CSharpFundamentals", "CSharpFundamentals.csproj", "{83D7C578-A2DC-4BD9-88EE-6CB95BE27FEB}"
EndProject
Global
	GlobalSection(SolutionConfigurationPlatforms) = preSolution
		Debug|Any CPU = Debug|Any CPU
		Release|Any CPU = Release|Any CPU
	EndGlobalSection
	GlobalSection(ProjectConfigurationPlatforms) = postSolution
		{83D7C578-A2DC-4BD9-88EE-6CB95BE27FEB}.Debug|Any CPU.ActiveCfg = Debug|Any CPU
		{83D7C578-A2DC-4BD9-88EE-6CB95BE27FEB}.Debug|Any CPU.Build.0 = Debug|Any CPU
		{83D7C578-A2DC-4BD9-88EE-6CB95BE27FEB}.Release|Any CPU.ActiveCfg = Release|Any CPU
		{83D7C578-A2DC-4BD9-88EE-6CB95BE27FEB}.Release|Any CPU.Build.0 = Release|Any CPU
	EndGlobalSection
	GlobalSection(SolutionProperties) = preSolution
		HideSolutionNode = FALSE
	EndGlobalSection
	GlobalSection(ExtensibilityGlobals) = postSolution
		SolutionGuid = {6CBF44DF-BDFA-42F1-A09D-4F7BC5DE3E88}
	EndGlobalSection
EndGlobal
