
Microsoft Visual Studio Solution File, Format Version 12.00
# Visual Studio Version 17
VisualStudioVersion = 17.7.34009.444
MinimumVisualStudioVersion = 10.0.40219.1
Project("{FAE04EC0-301F-11D3-BF4B-00C04F79EFBC}") = "Extensibility", "Extensibility.csproj", "{FD8BA004-305F-46E1-B324-B1518208F86A}"
EndProject
Global
	GlobalSection(SolutionConfigurationPlatforms) = preSolution
		Debug|Any CPU = Debug|Any CPU
		Release|Any CPU = Release|Any CPU
	EndGlobalSection
	GlobalSection(ProjectConfigurationPlatforms) = postSolution
		{FD8BA004-305F-46E1-B324-B1518208F86A}.Debug|Any CPU.ActiveCfg = Debug|Any CPU
		{FD8BA004-305F-46E1-B324-B1518208F86A}.Debug|Any CPU.Build.0 = Debug|Any CPU
		{FD8BA004-305F-46E1-B324-B1518208F86A}.Release|Any CPU.ActiveCfg = Release|Any CPU
		{FD8BA004-305F-46E1-B324-B1518208F86A}.Release|Any CPU.Build.0 = Release|Any CPU
	EndGlobalSection
	GlobalSection(SolutionProperties) = preSolution
		HideSolutionNode = FALSE
	EndGlobalSection
	GlobalSection(ExtensibilityGlobals) = postSolution
		SolutionGuid = {A649A0B3-36D2-42CF-855B-33A01634930C}
	EndGlobalSection
EndGlobal
