
Microsoft Visual Studio Solution File, Format Version 12.00
# Visual Studio Version 17
VisualStudioVersion = 17.7.34009.444
MinimumVisualStudioVersion = 10.0.40219.1
Project("{FAE04EC0-301F-11D3-BF4B-00C04F79EFBC}") = "ConsoleApp7", "ConsoleApp7.csproj", "{DC24FD0C-1C5C-4E03-A8C2-237FC46A38B9}"
EndProject
Global
	GlobalSection(SolutionConfigurationPlatforms) = preSolution
		Debug|Any CPU = Debug|Any CPU
		Release|Any CPU = Release|Any CPU
	EndGlobalSection
	GlobalSection(ProjectConfigurationPlatforms) = postSolution
		{DC24FD0C-1C5C-4E03-A8C2-237FC46A38B9}.Debug|Any CPU.ActiveCfg = Debug|Any CPU
		{DC24FD0C-1C5C-4E03-A8C2-237FC46A38B9}.Debug|Any CPU.Build.0 = Debug|Any CPU
		{DC24FD0C-1C5C-4E03-A8C2-237FC46A38B9}.Release|Any CPU.ActiveCfg = Release|Any CPU
		{DC24FD0C-1C5C-4E03-A8C2-237FC46A38B9}.Release|Any CPU.Build.0 = Release|Any CPU
	EndGlobalSection
	GlobalSection(SolutionProperties) = preSolution
		HideSolutionNode = FALSE
	EndGlobalSection
	GlobalSection(ExtensibilityGlobals) = postSolution
		SolutionGuid = {D32ADF8E-75E0-48B9-9980-1A44B6797B43}
	EndGlobalSection
EndGlobal
