
Microsoft Visual Studio Solution File, Format Version 12.00
# Visual Studio Version 17
VisualStudioVersion = 17.7.34009.444
MinimumVisualStudioVersion = 10.0.40219.1
Project("{FAE04EC0-301F-11D3-BF4B-00C04F79EFBC}") = "Abstract", "Abstract.csproj", "{903B005F-1C4E-430A-A592-0064A5DF0681}"
EndProject
Global
	GlobalSection(SolutionConfigurationPlatforms) = preSolution
		Debug|Any CPU = Debug|Any CPU
		Release|Any CPU = Release|Any CPU
	EndGlobalSection
	GlobalSection(ProjectConfigurationPlatforms) = postSolution
		{903B005F-1C4E-430A-A592-0064A5DF0681}.Debug|Any CPU.ActiveCfg = Debug|Any CPU
		{903B005F-1C4E-430A-A592-0064A5DF0681}.Debug|Any CPU.Build.0 = Debug|Any CPU
		{903B005F-1C4E-430A-A592-0064A5DF0681}.Release|Any CPU.ActiveCfg = Release|Any CPU
		{903B005F-1C4E-430A-A592-0064A5DF0681}.Release|Any CPU.Build.0 = Release|Any CPU
	EndGlobalSection
	GlobalSection(SolutionProperties) = preSolution
		HideSolutionNode = FALSE
	EndGlobalSection
	GlobalSection(ExtensibilityGlobals) = postSolution
		SolutionGuid = {6D19176E-3C5D-48E9-AED1-6F8C8173FE3F}
	EndGlobalSection
EndGlobal
